
Microsoft Visual Studio Solution File, Format Version 12.00
# Visual Studio Version 17
VisualStudioVersion = 17.9.34622.214
MinimumVisualStudioVersion = 10.0.40219.1
Project("{FAE04EC0-301F-11D3-BF4B-00C04F79EFBC}") = "CashierApplication", "CashierApplication\CashierApplication.csproj", "{FEB8AF83-456A-4B8F-AFF1-FB53FBC58E39}"
EndProject
Global
	GlobalSection(SolutionConfigurationPlatforms) = preSolution
		Debug|Any CPU = Debug|Any CPU
		Release|Any CPU = Release|Any CPU
	EndGlobalSection
	GlobalSection(ProjectConfigurationPlatforms) = postSolution
		{FEB8AF83-456A-4B8F-AFF1-FB53FBC58E39}.Debug|Any CPU.ActiveCfg = Debug|Any CPU
		{FEB8AF83-456A-4B8F-AFF1-FB53FBC58E39}.Debug|Any CPU.Build.0 = Debug|Any CPU
		{FEB8AF83-456A-4B8F-AFF1-FB53FBC58E39}.Release|Any CPU.ActiveCfg = Release|Any CPU
		{FEB8AF83-456A-4B8F-AFF1-FB53FBC58E39}.Release|Any CPU.Build.0 = Release|Any CPU
	EndGlobalSection
	GlobalSection(SolutionProperties) = preSolution
		HideSolutionNode = FALSE
	EndGlobalSection
	GlobalSection(ExtensibilityGlobals) = postSolution
		SolutionGuid = {EA7993A5-A156-4F58-AB31-32C67ECDFA3E}
	EndGlobalSection
EndGlobal
